
Microsoft Visual Studio Solution File, Format Version 12.00
# Visual Studio Version 17
VisualStudioVersion = 17.14.36301.6 d17.14
MinimumVisualStudioVersion = 10.0.40219.1
Project("{FAE04EC0-301F-11D3-BF4B-00C04F79EFBC}") = "ClienteConsolaWebSocket", "ClienteConsolaWebSocket\ClienteConsolaWebSocket.csproj", "{5FBEC59F-ED01-459C-9A6B-58CBD32603CB}"
EndProject
Global
	GlobalSection(SolutionConfigurationPlatforms) = preSolution
		Debug|Any CPU = Debug|Any CPU
		Release|Any CPU = Release|Any CPU
	EndGlobalSection
	GlobalSection(ProjectConfigurationPlatforms) = postSolution
		{5FBEC59F-ED01-459C-9A6B-58CBD32603CB}.Debug|Any CPU.ActiveCfg = Debug|Any CPU
		{5FBEC59F-ED01-459C-9A6B-58CBD32603CB}.Debug|Any CPU.Build.0 = Debug|Any CPU
		{5FBEC59F-ED01-459C-9A6B-58CBD32603CB}.Release|Any CPU.ActiveCfg = Release|Any CPU
		{5FBEC59F-ED01-459C-9A6B-58CBD32603CB}.Release|Any CPU.Build.0 = Release|Any CPU
	EndGlobalSection
	GlobalSection(SolutionProperties) = preSolution
		HideSolutionNode = FALSE
	EndGlobalSection
	GlobalSection(ExtensibilityGlobals) = postSolution
		SolutionGuid = {6D3ADE88-70D0-4DED-8F28-A41CEB08727B}
	EndGlobalSection
EndGlobal
