
Microsoft Visual Studio Solution File, Format Version 12.00
# Visual Studio Version 17
VisualStudioVersion = 17.14.36301.6 d17.14
MinimumVisualStudioVersion = 10.0.40219.1
Project("{FAE04EC0-301F-11D3-BF4B-00C04F79EFBC}") = "ServidorWebSocket", "ServidorWebSocket\ServidorWebSocket.csproj", "{848DB6E4-8349-45D1-958E-832D582F1633}"
EndProject
Global
	GlobalSection(SolutionConfigurationPlatforms) = preSolution
		Debug|Any CPU = Debug|Any CPU
		Release|Any CPU = Release|Any CPU
	EndGlobalSection
	GlobalSection(ProjectConfigurationPlatforms) = postSolution
		{848DB6E4-8349-45D1-958E-832D582F1633}.Debug|Any CPU.ActiveCfg = Debug|Any CPU
		{848DB6E4-8349-45D1-958E-832D582F1633}.Debug|Any CPU.Build.0 = Debug|Any CPU
		{848DB6E4-8349-45D1-958E-832D582F1633}.Release|Any CPU.ActiveCfg = Release|Any CPU
		{848DB6E4-8349-45D1-958E-832D582F1633}.Release|Any CPU.Build.0 = Release|Any CPU
	EndGlobalSection
	GlobalSection(SolutionProperties) = preSolution
		HideSolutionNode = FALSE
	EndGlobalSection
	GlobalSection(ExtensibilityGlobals) = postSolution
		SolutionGuid = {96226153-BC2C-4DDA-A8AC-874CD5F0D4C0}
	EndGlobalSection
EndGlobal
